
Microsoft Visual Studio Solution File, Format Version 12.00
# Visual Studio 15
Project("{FAE04EC0-301F-11D3-BF4B-00C04F79EFBC}") = "NativeShare.Editor", "NativeShare.Editor.csproj", "{553F8E2A-025F-ED65-B2DB-90F92A4CBE8B}"
EndProject
Project("{FAE04EC0-301F-11D3-BF4B-00C04F79EFBC}") = "Assembly-CSharp-firstpass", "Assembly-CSharp-firstpass.csproj", "{07C5B8F6-7CFE-C5D2-B9BE-8D27D3D0E88D}"
EndProject
Project("{FAE04EC0-301F-11D3-BF4B-00C04F79EFBC}") = "Assembly-CSharp", "Assembly-CSharp.csproj", "{7AD518BF-7985-22F4-FAEB-6A2B8F1C4B81}"
EndProject
Project("{FAE04EC0-301F-11D3-BF4B-00C04F79EFBC}") = "NativeShare.Runtime", "NativeShare.Runtime.csproj", "{635D3B9F-88DF-2315-4121-9A6561543362}"
EndProject
Project("{FAE04EC0-301F-11D3-BF4B-00C04F79EFBC}") = "Assembly-CSharp-Editor", "Assembly-CSharp-Editor.csproj", "{FAA3CB59-B3FD-EA68-100E-39CB997E16E2}"
EndProject
Global
	GlobalSection(SolutionConfigurationPlatforms) = preSolution
		Debug|Any CPU = Debug|Any CPU
		Release|Any CPU = Release|Any CPU
	EndGlobalSection
	GlobalSection(ProjectConfigurationPlatforms) = postSolution
		{553F8E2A-025F-ED65-B2DB-90F92A4CBE8B}.Debug|Any CPU.ActiveCfg = Debug|Any CPU
		{553F8E2A-025F-ED65-B2DB-90F92A4CBE8B}.Debug|Any CPU.Build.0 = Debug|Any CPU
		{553F8E2A-025F-ED65-B2DB-90F92A4CBE8B}.Release|Any CPU.ActiveCfg = Release|Any CPU
		{553F8E2A-025F-ED65-B2DB-90F92A4CBE8B}.Release|Any CPU.Build.0 = Release|Any CPU
		{07C5B8F6-7CFE-C5D2-B9BE-8D27D3D0E88D}.Debug|Any CPU.ActiveCfg = Debug|Any CPU
		{07C5B8F6-7CFE-C5D2-B9BE-8D27D3D0E88D}.Debug|Any CPU.Build.0 = Debug|Any CPU
		{07C5B8F6-7CFE-C5D2-B9BE-8D27D3D0E88D}.Release|Any CPU.ActiveCfg = Release|Any CPU
		{07C5B8F6-7CFE-C5D2-B9BE-8D27D3D0E88D}.Release|Any CPU.Build.0 = Release|Any CPU
		{7AD518BF-7985-22F4-FAEB-6A2B8F1C4B81}.Debug|Any CPU.ActiveCfg = Debug|Any CPU
		{7AD518BF-7985-22F4-FAEB-6A2B8F1C4B81}.Debug|Any CPU.Build.0 = Debug|Any CPU
		{7AD518BF-7985-22F4-FAEB-6A2B8F1C4B81}.Release|Any CPU.ActiveCfg = Release|Any CPU
		{7AD518BF-7985-22F4-FAEB-6A2B8F1C4B81}.Release|Any CPU.Build.0 = Release|Any CPU
		{635D3B9F-88DF-2315-4121-9A6561543362}.Debug|Any CPU.ActiveCfg = Debug|Any CPU
		{635D3B9F-88DF-2315-4121-9A6561543362}.Debug|Any CPU.Build.0 = Debug|Any CPU
		{635D3B9F-88DF-2315-4121-9A6561543362}.Release|Any CPU.ActiveCfg = Release|Any CPU
		{635D3B9F-88DF-2315-4121-9A6561543362}.Release|Any CPU.Build.0 = Release|Any CPU
		{FAA3CB59-B3FD-EA68-100E-39CB997E16E2}.Debug|Any CPU.ActiveCfg = Debug|Any CPU
		{FAA3CB59-B3FD-EA68-100E-39CB997E16E2}.Debug|Any CPU.Build.0 = Debug|Any CPU
		{FAA3CB59-B3FD-EA68-100E-39CB997E16E2}.Release|Any CPU.ActiveCfg = Release|Any CPU
		{FAA3CB59-B3FD-EA68-100E-39CB997E16E2}.Release|Any CPU.Build.0 = Release|Any CPU
	EndGlobalSection
	GlobalSection(SolutionProperties) = preSolution
		HideSolutionNode = FALSE
	EndGlobalSection
EndGlobal
